<Solution>
  <Project Path="ach.forest-shuffle.AppHost/ach.forest-shuffle.AppHost.csproj" Id="ac1514b3-1063-48c3-8351-bb60a2565acd" />
  <Project Path="ach.forest-shuffle.domain.tests.bdd/ach.forest-shuffle.domain.tests.bdd.csproj" Id="c72480ad-1523-476f-8173-176fabdf3270" />
  <Project Path="ach.forest-shuffle.domain/ach.forest-shuffle.domain.csproj" />
  <Project Path="ach.forest-shuffle.mobile-app/ach.forest-shuffle.mobile-app.csproj" />
  <Project Path="ach.forest-shuffle.ServiceDefaults/ach.forest-shuffle.ServiceDefaults.csproj" />
</Solution>
